
Microsoft Visual Studio Solution File, Format Version 12.00
# Visual Studio Version 16
VisualStudioVersion = 16.0.31729.503
MinimumVisualStudioVersion = 10.0.40219.1
Project("{FAE04EC0-301F-11D3-BF4B-00C04F79EFBC}") = "TTNN_Web", "TTNN_Web\TTNN_Web.csproj", "{2053965E-BD81-44A4-B258-F4C28A09C6C3}"
EndProject
Global
	GlobalSection(SolutionConfigurationPlatforms) = preSolution
		Debug|Any CPU = Debug|Any CPU
		Release|Any CPU = Release|Any CPU
	EndGlobalSection
	GlobalSection(ProjectConfigurationPlatforms) = postSolution
		{2053965E-BD81-44A4-B258-F4C28A09C6C3}.Debug|Any CPU.ActiveCfg = Debug|Any CPU
		{2053965E-BD81-44A4-B258-F4C28A09C6C3}.Debug|Any CPU.Build.0 = Debug|Any CPU
		{2053965E-BD81-44A4-B258-F4C28A09C6C3}.Release|Any CPU.ActiveCfg = Release|Any CPU
		{2053965E-BD81-44A4-B258-F4C28A09C6C3}.Release|Any CPU.Build.0 = Release|Any CPU
	EndGlobalSection
	GlobalSection(SolutionProperties) = preSolution
		HideSolutionNode = FALSE
	EndGlobalSection
	GlobalSection(ExtensibilityGlobals) = postSolution
		SolutionGuid = {D0429473-8949-46EA-A33B-A3A230E8CB19}
	EndGlobalSection
EndGlobal
