
Microsoft Visual Studio Solution File, Format Version 12.00
# Visual Studio Version 16
VisualStudioVersion = 16.0.31729.503
MinimumVisualStudioVersion = 10.0.40219.1
Project("{FAE04EC0-301F-11D3-BF4B-00C04F79EFBC}") = "testGiaodien", "testGiaodien\testGiaodien.csproj", "{DC0376D8-AAA8-4DB1-AE8D-D95150C9E781}"
EndProject
Global
	GlobalSection(SolutionConfigurationPlatforms) = preSolution
		Debug|Any CPU = Debug|Any CPU
		Release|Any CPU = Release|Any CPU
	EndGlobalSection
	GlobalSection(ProjectConfigurationPlatforms) = postSolution
		{DC0376D8-AAA8-4DB1-AE8D-D95150C9E781}.Debug|Any CPU.ActiveCfg = Debug|Any CPU
		{DC0376D8-AAA8-4DB1-AE8D-D95150C9E781}.Debug|Any CPU.Build.0 = Debug|Any CPU
		{DC0376D8-AAA8-4DB1-AE8D-D95150C9E781}.Release|Any CPU.ActiveCfg = Release|Any CPU
		{DC0376D8-AAA8-4DB1-AE8D-D95150C9E781}.Release|Any CPU.Build.0 = Release|Any CPU
	EndGlobalSection
	GlobalSection(SolutionProperties) = preSolution
		HideSolutionNode = FALSE
	EndGlobalSection
	GlobalSection(ExtensibilityGlobals) = postSolution
		SolutionGuid = {396E168D-A7F5-427F-8A0E-944D4D46F928}
	EndGlobalSection
EndGlobal
